
Microsoft Visual Studio Solution File, Format Version 12.00
# Visual Studio Version 17
VisualStudioVersion = 17.9.34701.34
MinimumVisualStudioVersion = 10.0.40219.1
Project("{FAE04EC0-301F-11D3-BF4B-00C04F79EFBC}") = "Object Oriented Programming in VS", "Object Oriented Programming in VS\Object Oriented Programming in VS.csproj", "{A9534DB9-50CB-45D9-851D-A4286ED2A891}"
EndProject
Global
	GlobalSection(SolutionConfigurationPlatforms) = preSolution
		Debug|Any CPU = Debug|Any CPU
		Release|Any CPU = Release|Any CPU
	EndGlobalSection
	GlobalSection(ProjectConfigurationPlatforms) = postSolution
		{A9534DB9-50CB-45D9-851D-A4286ED2A891}.Debug|Any CPU.ActiveCfg = Debug|Any CPU
		{A9534DB9-50CB-45D9-851D-A4286ED2A891}.Debug|Any CPU.Build.0 = Debug|Any CPU
		{A9534DB9-50CB-45D9-851D-A4286ED2A891}.Release|Any CPU.ActiveCfg = Release|Any CPU
		{A9534DB9-50CB-45D9-851D-A4286ED2A891}.Release|Any CPU.Build.0 = Release|Any CPU
	EndGlobalSection
	GlobalSection(SolutionProperties) = preSolution
		HideSolutionNode = FALSE
	EndGlobalSection
	GlobalSection(ExtensibilityGlobals) = postSolution
		SolutionGuid = {12E07859-6C7D-43B1-942E-1F91BE2BFECF}
	EndGlobalSection
EndGlobal
